
Microsoft Visual Studio Solution File, Format Version 12.00
# Visual Studio 15
VisualStudioVersion = 15.0.28307.168
MinimumVisualStudioVersion = 10.0.40219.1
Project("{FAE04EC0-301F-11D3-BF4B-00C04F79EFBC}") = "MarcArmbruster.Wpf", "MarcArmbruster.Wpf\MarcArmbruster.Wpf.csproj", "{1B9B0FC7-E647-4EFB-BD3B-5E92252602AF}"
EndProject
Project("{FAE04EC0-301F-11D3-BF4B-00C04F79EFBC}") = "MarcArmbruster.Wpf.Controls", "MarcArmbruster.Wpf.Controls\MarcArmbruster.Wpf.Controls.csproj", "{BFD21B46-6AEC-4B9C-8A1F-06EB73C412D4}"
EndProject
Project("{2150E333-8FDC-42A3-9474-1A3956D46DE8}") = "Solution Items", "Solution Items", "{D8213D36-B281-4D7F-960D-F35342354F3F}"
	ProjectSection(SolutionItems) = preProject
		.gitignore = .gitignore
		README.md = README.md
	EndProjectSection
EndProject
Global
	GlobalSection(SolutionConfigurationPlatforms) = preSolution
		Debug|Any CPU = Debug|Any CPU
		Release|Any CPU = Release|Any CPU
	EndGlobalSection
	GlobalSection(ProjectConfigurationPlatforms) = postSolution
		{1B9B0FC7-E647-4EFB-BD3B-5E92252602AF}.Debug|Any CPU.ActiveCfg = Debug|Any CPU
		{1B9B0FC7-E647-4EFB-BD3B-5E92252602AF}.Debug|Any CPU.Build.0 = Debug|Any CPU
		{1B9B0FC7-E647-4EFB-BD3B-5E92252602AF}.Release|Any CPU.ActiveCfg = Release|Any CPU
		{1B9B0FC7-E647-4EFB-BD3B-5E92252602AF}.Release|Any CPU.Build.0 = Release|Any CPU
		{BFD21B46-6AEC-4B9C-8A1F-06EB73C412D4}.Debug|Any CPU.ActiveCfg = Debug|Any CPU
		{BFD21B46-6AEC-4B9C-8A1F-06EB73C412D4}.Debug|Any CPU.Build.0 = Debug|Any CPU
		{BFD21B46-6AEC-4B9C-8A1F-06EB73C412D4}.Release|Any CPU.ActiveCfg = Release|Any CPU
		{BFD21B46-6AEC-4B9C-8A1F-06EB73C412D4}.Release|Any CPU.Build.0 = Release|Any CPU
	EndGlobalSection
	GlobalSection(SolutionProperties) = preSolution
		HideSolutionNode = FALSE
	EndGlobalSection
	GlobalSection(ExtensibilityGlobals) = postSolution
		SolutionGuid = {29C49A88-97A6-4B40-AD89-D723B3F65B94}
	EndGlobalSection
EndGlobal
